
Microsoft Visual Studio Solution File, Format Version 12.00
# Visual Studio Version 16
VisualStudioVersion = 16.0.30413.136
MinimumVisualStudioVersion = 10.0.40219.1
Project("{9A19103F-16F7-4668-BE54-9A1E7A4F7556}") = "SwaggerDemo", "SwaggerDemo\SwaggerDemo.csproj", "{992A6CB7-CF20-46F5-9FCE-AF4A1939D49E}"
EndProject
Project("{9A19103F-16F7-4668-BE54-9A1E7A4F7556}") = "Application", "Application\Application.csproj", "{4AF16AE1-76F4-477B-B945-3E6CF93CE056}"
EndProject
Project("{9A19103F-16F7-4668-BE54-9A1E7A4F7556}") = "Domain", "Domain\Domain.csproj", "{BFF53DC4-CA87-42DF-93D1-3307883EE9B0}"
EndProject
Project("{FAE04EC0-301F-11D3-BF4B-00C04F79EFBC}") = "Persistence", "Persistence\Persistence.csproj", "{5AA64986-EEF3-4A18-8E4A-9D0AD07E0215}"
EndProject
Global
	GlobalSection(SolutionConfigurationPlatforms) = preSolution
		Debug|Any CPU = Debug|Any CPU
		Release|Any CPU = Release|Any CPU
	EndGlobalSection
	GlobalSection(ProjectConfigurationPlatforms) = postSolution
		{992A6CB7-CF20-46F5-9FCE-AF4A1939D49E}.Debug|Any CPU.ActiveCfg = Debug|Any CPU
		{992A6CB7-CF20-46F5-9FCE-AF4A1939D49E}.Debug|Any CPU.Build.0 = Debug|Any CPU
		{992A6CB7-CF20-46F5-9FCE-AF4A1939D49E}.Release|Any CPU.ActiveCfg = Release|Any CPU
		{992A6CB7-CF20-46F5-9FCE-AF4A1939D49E}.Release|Any CPU.Build.0 = Release|Any CPU
		{4AF16AE1-76F4-477B-B945-3E6CF93CE056}.Debug|Any CPU.ActiveCfg = Debug|Any CPU
		{4AF16AE1-76F4-477B-B945-3E6CF93CE056}.Debug|Any CPU.Build.0 = Debug|Any CPU
		{4AF16AE1-76F4-477B-B945-3E6CF93CE056}.Release|Any CPU.ActiveCfg = Release|Any CPU
		{4AF16AE1-76F4-477B-B945-3E6CF93CE056}.Release|Any CPU.Build.0 = Release|Any CPU
		{BFF53DC4-CA87-42DF-93D1-3307883EE9B0}.Debug|Any CPU.ActiveCfg = Debug|Any CPU
		{BFF53DC4-CA87-42DF-93D1-3307883EE9B0}.Debug|Any CPU.Build.0 = Debug|Any CPU
		{BFF53DC4-CA87-42DF-93D1-3307883EE9B0}.Release|Any CPU.ActiveCfg = Release|Any CPU
		{BFF53DC4-CA87-42DF-93D1-3307883EE9B0}.Release|Any CPU.Build.0 = Release|Any CPU
		{5AA64986-EEF3-4A18-8E4A-9D0AD07E0215}.Debug|Any CPU.ActiveCfg = Debug|Any CPU
		{5AA64986-EEF3-4A18-8E4A-9D0AD07E0215}.Debug|Any CPU.Build.0 = Debug|Any CPU
		{5AA64986-EEF3-4A18-8E4A-9D0AD07E0215}.Release|Any CPU.ActiveCfg = Release|Any CPU
		{5AA64986-EEF3-4A18-8E4A-9D0AD07E0215}.Release|Any CPU.Build.0 = Release|Any CPU
	EndGlobalSection
	GlobalSection(SolutionProperties) = preSolution
		HideSolutionNode = FALSE
	EndGlobalSection
	GlobalSection(ExtensibilityGlobals) = postSolution
		SolutionGuid = {BFC4223C-8C7B-45BD-B926-BCB04EE9ACAC}
	EndGlobalSection
EndGlobal
